// !$*UTF8*$!
{
	archiveVersion = 1;
	classes = {
	};
	objectVersion = 46;
	objects = {

/* Begin PBXBuildFile section */
		53121A5D1BAEE73300A86779 /* SpreadsheetTests.swift in Sources */ = {isa = PBXBuildFile; fileRef = 53121A5C1BAEE73300A86779 /* SpreadsheetTests.swift */; settings = {ASSET_TAGS = (); }; };
		53121A5F1BAEEF4600A86779 /* spreadsheet.swift in Sources */ = {isa = PBXBuildFile; fileRef = 53121A5E1BAEEF4600A86779 /* spreadsheet.swift */; settings = {ASSET_TAGS = (); }; };
		532BD5C91BAE614A00057249 /* algorithms.swift in Sources */ = {isa = PBXBuildFile; fileRef = 532BD5C71BAE614A00057249 /* algorithms.swift */; settings = {ASSET_TAGS = (); }; };
		532BD5CA1BAE614A00057249 /* concepts.swift in Sources */ = {isa = PBXBuildFile; fileRef = 532BD5C81BAE614A00057249 /* concepts.swift */; settings = {ASSET_TAGS = (); }; };
		532BD5CC1BAE618500057249 /* concrete_types.swift in Sources */ = {isa = PBXBuildFile; fileRef = 532BD5CB1BAE618500057249 /* concrete_types.swift */; settings = {ASSET_TAGS = (); }; };
		532BE30D1BAEDDCC00C07B5B /* TraversalTests.swift in Sources */ = {isa = PBXBuildFile; fileRef = 532BE30C1BAEDDCC00C07B5B /* TraversalTests.swift */; };
		532BE30F1BAEDDCC00C07B5B /* SwiftGraphLibrary.framework in Frameworks */ = {isa = PBXBuildFile; fileRef = 532BD5B01BAE60E000057249 /* SwiftGraphLibrary.framework */; settings = {ASSET_TAGS = (); }; };
		538E67AE1BAE667C0076D26F /* graph_demo.swift in Sources */ = {isa = PBXBuildFile; fileRef = 538E67AD1BAE667C0076D26F /* graph_demo.swift */; settings = {ASSET_TAGS = (); }; };
		538E67B81BAE66F90076D26F /* AppDelegate.swift in Sources */ = {isa = PBXBuildFile; fileRef = 538E67B11BAE66F90076D26F /* AppDelegate.swift */; settings = {ASSET_TAGS = (); }; };
		538E67B91BAE66F90076D26F /* Assets.xcassets in Resources */ = {isa = PBXBuildFile; fileRef = 538E67B21BAE66F90076D26F /* Assets.xcassets */; settings = {ASSET_TAGS = (); }; };
		538E67BA1BAE66F90076D26F /* LaunchScreen.storyboard in Resources */ = {isa = PBXBuildFile; fileRef = 538E67B31BAE66F90076D26F /* LaunchScreen.storyboard */; settings = {ASSET_TAGS = (); }; };
		538E67BE1BAE67050076D26F /* apples_and_oranges.swift in Sources */ = {isa = PBXBuildFile; fileRef = 538E67BD1BAE67050076D26F /* apples_and_oranges.swift */; settings = {ASSET_TAGS = (); }; };
		538E67C31BAE67460076D26F /* SwiftGraphLibrary.h in Headers */ = {isa = PBXBuildFile; fileRef = 538E67C11BAE67460076D26F /* SwiftGraphLibrary.h */; settings = {ATTRIBUTES = (Public, ); }; };
		538E67C61BAE680E0076D26F /* SwiftGraphLibrary.framework in Frameworks */ = {isa = PBXBuildFile; fileRef = 532BD5B01BAE60E000057249 /* SwiftGraphLibrary.framework */; };
		538E67C81BAE68170076D26F /* SwiftGraphLibrary.framework in Embed Frameworks */ = {isa = PBXBuildFile; fileRef = 532BD5B01BAE60E000057249 /* SwiftGraphLibrary.framework */; settings = {ATTRIBUTES = (CodeSignOnCopy, RemoveHeadersOnCopy, ); }; };
		53B648B21BCBEAE1009902F1 /* SpreadsheetViewController.swift in Sources */ = {isa = PBXBuildFile; fileRef = 53B648B11BCBEAE1009902F1 /* SpreadsheetViewController.swift */; settings = {ASSET_TAGS = (); }; };
		53B648C51BCBEFC5009902F1 /* CellView.swift in Sources */ = {isa = PBXBuildFile; fileRef = 53B648C41BCBEFC5009902F1 /* CellView.swift */; settings = {ASSET_TAGS = (); }; };
		53B648C71BCBF54B009902F1 /* UIView+Layout.swift in Sources */ = {isa = PBXBuildFile; fileRef = 53B648C61BCBF54B009902F1 /* UIView+Layout.swift */; settings = {ASSET_TAGS = (); }; };
/* End PBXBuildFile section */

/* Begin PBXContainerItemProxy section */
		532BE3101BAEDDCC00C07B5B /* PBXContainerItemProxy */ = {
			isa = PBXContainerItemProxy;
			containerPortal = 53D2606C1B9B532000492E7F /* Project object */;
			proxyType = 1;
			remoteGlobalIDString = 532BD5AF1BAE60E000057249;
			remoteInfo = SwiftGraphLibrary;
		};
		538E67C41BAE68080076D26F /* PBXContainerItemProxy */ = {
			isa = PBXContainerItemProxy;
			containerPortal = 53D2606C1B9B532000492E7F /* Project object */;
			proxyType = 1;
			remoteGlobalIDString = 532BD5AF1BAE60E000057249;
			remoteInfo = SwiftGraphLibrary;
		};
/* End PBXContainerItemProxy section */

/* Begin PBXCopyFilesBuildPhase section */
		538E67C91BAE68170076D26F /* Embed Frameworks */ = {
			isa = PBXCopyFilesBuildPhase;
			buildActionMask = 2147483647;
			dstPath = "";
			dstSubfolderSpec = 10;
			files = (
				538E67C81BAE68170076D26F /* SwiftGraphLibrary.framework in Embed Frameworks */,
			);
			name = "Embed Frameworks";
			runOnlyForDeploymentPostprocessing = 0;
		};
/* End PBXCopyFilesBuildPhase section */

/* Begin PBXFileReference section */
		53121A5C1BAEE73300A86779 /* SpreadsheetTests.swift */ = {isa = PBXFileReference; fileEncoding = 4; lastKnownFileType = sourcecode.swift; path = SpreadsheetTests.swift; sourceTree = "<group>"; };
		53121A5E1BAEEF4600A86779 /* spreadsheet.swift */ = {isa = PBXFileReference; fileEncoding = 4; lastKnownFileType = sourcecode.swift; path = spreadsheet.swift; sourceTree = "<group>"; };
		532BD5B01BAE60E000057249 /* SwiftGraphLibrary.framework */ = {isa = PBXFileReference; explicitFileType = wrapper.framework; includeInIndex = 0; path = SwiftGraphLibrary.framework; sourceTree = BUILT_PRODUCTS_DIR; };
		532BD5C71BAE614A00057249 /* algorithms.swift */ = {isa = PBXFileReference; fileEncoding = 4; lastKnownFileType = sourcecode.swift; path = algorithms.swift; sourceTree = "<group>"; };
		532BD5C81BAE614A00057249 /* concepts.swift */ = {isa = PBXFileReference; fileEncoding = 4; lastKnownFileType = sourcecode.swift; path = concepts.swift; sourceTree = "<group>"; };
		532BD5CB1BAE618500057249 /* concrete_types.swift */ = {isa = PBXFileReference; fileEncoding = 4; lastKnownFileType = sourcecode.swift; path = concrete_types.swift; sourceTree = "<group>"; };
		532BE30A1BAEDDCC00C07B5B /* SwiftGraphLibraryTests.xctest */ = {isa = PBXFileReference; explicitFileType = wrapper.cfbundle; includeInIndex = 0; path = SwiftGraphLibraryTests.xctest; sourceTree = BUILT_PRODUCTS_DIR; };
		532BE30C1BAEDDCC00C07B5B /* TraversalTests.swift */ = {isa = PBXFileReference; lastKnownFileType = sourcecode.swift; path = TraversalTests.swift; sourceTree = "<group>"; };
		532BE30E1BAEDDCC00C07B5B /* Info.plist */ = {isa = PBXFileReference; lastKnownFileType = text.plist.xml; path = Info.plist; sourceTree = "<group>"; };
		538E679B1BAE66350076D26F /* DemoApp.app */ = {isa = PBXFileReference; explicitFileType = wrapper.application; includeInIndex = 0; path = DemoApp.app; sourceTree = BUILT_PRODUCTS_DIR; };
		538E67AD1BAE667C0076D26F /* graph_demo.swift */ = {isa = PBXFileReference; fileEncoding = 4; lastKnownFileType = sourcecode.swift; path = graph_demo.swift; sourceTree = "<group>"; };
		538E67B11BAE66F90076D26F /* AppDelegate.swift */ = {isa = PBXFileReference; fileEncoding = 4; lastKnownFileType = sourcecode.swift; path = AppDelegate.swift; sourceTree = "<group>"; };
		538E67B21BAE66F90076D26F /* Assets.xcassets */ = {isa = PBXFileReference; lastKnownFileType = folder.assetcatalog; path = Assets.xcassets; sourceTree = "<group>"; };
		538E67B41BAE66F90076D26F /* Base */ = {isa = PBXFileReference; lastKnownFileType = file.storyboard; name = Base; path = Base.lproj/LaunchScreen.storyboard; sourceTree = "<group>"; };
		538E67B71BAE66F90076D26F /* Info.plist */ = {isa = PBXFileReference; fileEncoding = 4; lastKnownFileType = text.plist.xml; path = Info.plist; sourceTree = "<group>"; };
		538E67BD1BAE67050076D26F /* apples_and_oranges.swift */ = {isa = PBXFileReference; fileEncoding = 4; lastKnownFileType = sourcecode.swift; path = apples_and_oranges.swift; sourceTree = "<group>"; };
		538E67C01BAE67460076D26F /* Info.plist */ = {isa = PBXFileReference; fileEncoding = 4; lastKnownFileType = text.plist.xml; path = Info.plist; sourceTree = "<group>"; };
		538E67C11BAE67460076D26F /* SwiftGraphLibrary.h */ = {isa = PBXFileReference; fileEncoding = 4; lastKnownFileType = sourcecode.c.h; path = SwiftGraphLibrary.h; sourceTree = "<group>"; };
		53B648B11BCBEAE1009902F1 /* SpreadsheetViewController.swift */ = {isa = PBXFileReference; fileEncoding = 4; lastKnownFileType = sourcecode.swift; path = SpreadsheetViewController.swift; sourceTree = "<group>"; };
		53B648C41BCBEFC5009902F1 /* CellView.swift */ = {isa = PBXFileReference; fileEncoding = 4; lastKnownFileType = sourcecode.swift; path = CellView.swift; sourceTree = "<group>"; };
		53B648C61BCBF54B009902F1 /* UIView+Layout.swift */ = {isa = PBXFileReference; fileEncoding = 4; lastKnownFileType = sourcecode.swift; path = "UIView+Layout.swift"; sourceTree = "<group>"; };
/* End PBXFileReference section */

/* Begin PBXFrameworksBuildPhase section */
		532BD5AC1BAE60E000057249 /* Frameworks */ = {
			isa = PBXFrameworksBuildPhase;
			buildActionMask = 2147483647;
			files = (
			);
			runOnlyForDeploymentPostprocessing = 0;
		};
		532BE3071BAEDDCC00C07B5B /* Frameworks */ = {
			isa = PBXFrameworksBuildPhase;
			buildActionMask = 2147483647;
			files = (
				532BE30F1BAEDDCC00C07B5B /* SwiftGraphLibrary.framework in Frameworks */,
			);
			runOnlyForDeploymentPostprocessing = 0;
		};
		538E67981BAE66350076D26F /* Frameworks */ = {
			isa = PBXFrameworksBuildPhase;
			buildActionMask = 2147483647;
			files = (
				538E67C61BAE680E0076D26F /* SwiftGraphLibrary.framework in Frameworks */,
			);
			runOnlyForDeploymentPostprocessing = 0;
		};
/* End PBXFrameworksBuildPhase section */

/* Begin PBXGroup section */
		532BD5B11BAE60E000057249 /* SwiftGraphLibrary */ = {
			isa = PBXGroup;
			children = (
				538E67BF1BAE67460076D26F /* Supporting Files */,
				532BD5C71BAE614A00057249 /* algorithms.swift */,
				532BD5CB1BAE618500057249 /* concrete_types.swift */,
				532BD5C81BAE614A00057249 /* concepts.swift */,
				53121A5E1BAEEF4600A86779 /* spreadsheet.swift */,
			);
			path = SwiftGraphLibrary;
			sourceTree = "<group>";
		};
		532BE30B1BAEDDCC00C07B5B /* SwiftGraphLibraryTests */ = {
			isa = PBXGroup;
			children = (
				53121A5C1BAEE73300A86779 /* SpreadsheetTests.swift */,
				532BE30C1BAEDDCC00C07B5B /* TraversalTests.swift */,
				532BE30E1BAEDDCC00C07B5B /* Info.plist */,
			);
			path = SwiftGraphLibraryTests;
			sourceTree = "<group>";
		};
		538E679C1BAE66350076D26F /* DemoApp */ = {
			isa = PBXGroup;
			children = (
				538E67B01BAE66F90076D26F /* Supporting Files */,
				538E67AD1BAE667C0076D26F /* graph_demo.swift */,
				538E67BD1BAE67050076D26F /* apples_and_oranges.swift */,
				53B648C41BCBEFC5009902F1 /* CellView.swift */,
				53B648B11BCBEAE1009902F1 /* SpreadsheetViewController.swift */,
				53B648C61BCBF54B009902F1 /* UIView+Layout.swift */,
			);
			path = DemoApp;
			sourceTree = "<group>";
		};
		538E67B01BAE66F90076D26F /* Supporting Files */ = {
			isa = PBXGroup;
			children = (
				538E67B11BAE66F90076D26F /* AppDelegate.swift */,
				538E67B21BAE66F90076D26F /* Assets.xcassets */,
				538E67B31BAE66F90076D26F /* LaunchScreen.storyboard */,
				538E67B71BAE66F90076D26F /* Info.plist */,
			);
			path = "Supporting Files";
			sourceTree = "<group>";
		};
		538E67BF1BAE67460076D26F /* Supporting Files */ = {
			isa = PBXGroup;
			children = (
				538E67C01BAE67460076D26F /* Info.plist */,
				538E67C11BAE67460076D26F /* SwiftGraphLibrary.h */,
			);
			path = "Supporting Files";
			sourceTree = "<group>";
		};
		53D2606B1B9B532000492E7F = {
			isa = PBXGroup;
			children = (
				532BD5B11BAE60E000057249 /* SwiftGraphLibrary */,
				532BE30B1BAEDDCC00C07B5B /* SwiftGraphLibraryTests */,
				538E679C1BAE66350076D26F /* DemoApp */,
				53D260751B9B532000492E7F /* Products */,
			);
			sourceTree = "<group>";
		};
		53D260751B9B532000492E7F /* Products */ = {
			isa = PBXGroup;
			children = (
				532BD5B01BAE60E000057249 /* SwiftGraphLibrary.framework */,
				538E679B1BAE66350076D26F /* DemoApp.app */,
				532BE30A1BAEDDCC00C07B5B /* SwiftGraphLibraryTests.xctest */,
			);
			name = Products;
			sourceTree = "<group>";
		};
/* End PBXGroup section */

/* Begin PBXHeadersBuildPhase section */
		532BD5AD1BAE60E000057249 /* Headers */ = {
			isa = PBXHeadersBuildPhase;
			buildActionMask = 2147483647;
			files = (
				538E67C31BAE67460076D26F /* SwiftGraphLibrary.h in Headers */,
			);
			runOnlyForDeploymentPostprocessing = 0;
		};
/* End PBXHeadersBuildPhase section */

/* Begin PBXNativeTarget section */
		532BD5AF1BAE60E000057249 /* SwiftGraphLibrary */ = {
			isa = PBXNativeTarget;
			buildConfigurationList = 532BD5C51BAE60E000057249 /* Build configuration list for PBXNativeTarget "SwiftGraphLibrary" */;
			buildPhases = (
				532BD5AB1BAE60E000057249 /* Sources */,
				532BD5AC1BAE60E000057249 /* Frameworks */,
				532BD5AD1BAE60E000057249 /* Headers */,
				532BD5AE1BAE60E000057249 /* Resources */,
			);
			buildRules = (
			);
			dependencies = (
			);
			name = SwiftGraphLibrary;
			productName = SwiftGraphLibrary;
			productReference = 532BD5B01BAE60E000057249 /* SwiftGraphLibrary.framework */;
			productType = "com.apple.product-type.framework";
		};
		532BE3091BAEDDCC00C07B5B /* SwiftGraphLibraryTests */ = {
			isa = PBXNativeTarget;
			buildConfigurationList = 532BE3121BAEDDCC00C07B5B /* Build configuration list for PBXNativeTarget "SwiftGraphLibraryTests" */;
			buildPhases = (
				532BE3061BAEDDCC00C07B5B /* Sources */,
				532BE3071BAEDDCC00C07B5B /* Frameworks */,
				532BE3081BAEDDCC00C07B5B /* Resources */,
			);
			buildRules = (
			);
			dependencies = (
				532BE3111BAEDDCC00C07B5B /* PBXTargetDependency */,
			);
			name = SwiftGraphLibraryTests;
			productName = SwiftGraphLibraryTests;
			productReference = 532BE30A1BAEDDCC00C07B5B /* SwiftGraphLibraryTests.xctest */;
			productType = "com.apple.product-type.bundle.unit-test";
		};
		538E679A1BAE66350076D26F /* DemoApp */ = {
			isa = PBXNativeTarget;
			buildConfigurationList = 538E67AA1BAE66350076D26F /* Build configuration list for PBXNativeTarget "DemoApp" */;
			buildPhases = (
				538E67971BAE66350076D26F /* Sources */,
				538E67981BAE66350076D26F /* Frameworks */,
				538E67991BAE66350076D26F /* Resources */,
				538E67C91BAE68170076D26F /* Embed Frameworks */,
			);
			buildRules = (
			);
			dependencies = (
				538E67C51BAE68080076D26F /* PBXTargetDependency */,
			);
			name = DemoApp;
			productName = DemoApp;
			productReference = 538E679B1BAE66350076D26F /* DemoApp.app */;
			productType = "com.apple.product-type.application";
		};
/* End PBXNativeTarget section */

/* Begin PBXProject section */
		53D2606C1B9B532000492E7F /* Project object */ = {
			isa = PBXProject;
			attributes = {
				LastSwiftUpdateCheck = 0700;
				LastUpgradeCheck = 0700;
				ORGANIZATIONNAME = Microsoft;
				TargetAttributes = {
					532BD5AF1BAE60E000057249 = {
						CreatedOnToolsVersion = 7.0;
					};
					532BE3091BAEDDCC00C07B5B = {
						CreatedOnToolsVersion = 7.0;
					};
					538E679A1BAE66350076D26F = {
						CreatedOnToolsVersion = 7.0;
					};
				};
			};
			buildConfigurationList = 53D2606F1B9B532000492E7F /* Build configuration list for PBXProject "concepts" */;
			compatibilityVersion = "Xcode 3.2";
			developmentRegion = English;
			hasScannedForEncodings = 0;
			knownRegions = (
				en,
				Base,
			);
			mainGroup = 53D2606B1B9B532000492E7F;
			productRefGroup = 53D260751B9B532000492E7F /* Products */;
			projectDirPath = "";
			projectRoot = "";
			targets = (
				532BD5AF1BAE60E000057249 /* SwiftGraphLibrary */,
				538E679A1BAE66350076D26F /* DemoApp */,
				532BE3091BAEDDCC00C07B5B /* SwiftGraphLibraryTests */,
			);
		};
/* End PBXProject section */

/* Begin PBXResourcesBuildPhase section */
		532BD5AE1BAE60E000057249 /* Resources */ = {
			isa = PBXResourcesBuildPhase;
			buildActionMask = 2147483647;
			files = (
			);
			runOnlyForDeploymentPostprocessing = 0;
		};
		532BE3081BAEDDCC00C07B5B /* Resources */ = {
			isa = PBXResourcesBuildPhase;
			buildActionMask = 2147483647;
			files = (
			);
			runOnlyForDeploymentPostprocessing = 0;
		};
		538E67991BAE66350076D26F /* Resources */ = {
			isa = PBXResourcesBuildPhase;
			buildActionMask = 2147483647;
			files = (
				538E67B91BAE66F90076D26F /* Assets.xcassets in Resources */,
				538E67BA1BAE66F90076D26F /* LaunchScreen.storyboard in Resources */,
			);
			runOnlyForDeploymentPostprocessing = 0;
		};
/* End PBXResourcesBuildPhase section */

/* Begin PBXSourcesBuildPhase section */
		532BD5AB1BAE60E000057249 /* Sources */ = {
			isa = PBXSourcesBuildPhase;
			buildActionMask = 2147483647;
			files = (
				53121A5F1BAEEF4600A86779 /* spreadsheet.swift in Sources */,
				532BD5CC1BAE618500057249 /* concrete_types.swift in Sources */,
				532BD5CA1BAE614A00057249 /* concepts.swift in Sources */,
				532BD5C91BAE614A00057249 /* algorithms.swift in Sources */,
			);
			runOnlyForDeploymentPostprocessing = 0;
		};
		532BE3061BAEDDCC00C07B5B /* Sources */ = {
			isa = PBXSourcesBuildPhase;
			buildActionMask = 2147483647;
			files = (
				53121A5D1BAEE73300A86779 /* SpreadsheetTests.swift in Sources */,
				532BE30D1BAEDDCC00C07B5B /* TraversalTests.swift in Sources */,
			);
			runOnlyForDeploymentPostprocessing = 0;
		};
		538E67971BAE66350076D26F /* Sources */ = {
			isa = PBXSourcesBuildPhase;
			buildActionMask = 2147483647;
			files = (
				538E67BE1BAE67050076D26F /* apples_and_oranges.swift in Sources */,
				53B648C51BCBEFC5009902F1 /* CellView.swift in Sources */,
				53B648C71BCBF54B009902F1 /* UIView+Layout.swift in Sources */,
				53B648B21BCBEAE1009902F1 /* SpreadsheetViewController.swift in Sources */,
				538E67B81BAE66F90076D26F /* AppDelegate.swift in Sources */,
				538E67AE1BAE667C0076D26F /* graph_demo.swift in Sources */,
			);
			runOnlyForDeploymentPostprocessing = 0;
		};
/* End PBXSourcesBuildPhase section */

/* Begin PBXTargetDependency section */
		532BE3111BAEDDCC00C07B5B /* PBXTargetDependency */ = {
			isa = PBXTargetDependency;
			target = 532BD5AF1BAE60E000057249 /* SwiftGraphLibrary */;
			targetProxy = 532BE3101BAEDDCC00C07B5B /* PBXContainerItemProxy */;
		};
		538E67C51BAE68080076D26F /* PBXTargetDependency */ = {
			isa = PBXTargetDependency;
			target = 532BD5AF1BAE60E000057249 /* SwiftGraphLibrary */;
			targetProxy = 538E67C41BAE68080076D26F /* PBXContainerItemProxy */;
		};
/* End PBXTargetDependency section */

/* Begin PBXVariantGroup section */
		538E67B31BAE66F90076D26F /* LaunchScreen.storyboard */ = {
			isa = PBXVariantGroup;
			children = (
				538E67B41BAE66F90076D26F /* Base */,
			);
			name = LaunchScreen.storyboard;
			sourceTree = "<group>";
		};
/* End PBXVariantGroup section */

/* Begin XCBuildConfiguration section */
		532BD5C11BAE60E000057249 /* Debug */ = {
			isa = XCBuildConfiguration;
			buildSettings = {
				CLANG_ENABLE_MODULES = YES;
				COMBINE_HIDPI_IMAGES = YES;
				CURRENT_PROJECT_VERSION = 1;
				DEFINES_MODULE = YES;
				DYLIB_COMPATIBILITY_VERSION = 1;
				DYLIB_CURRENT_VERSION = 1;
				DYLIB_INSTALL_NAME_BASE = "@rpath";
				FRAMEWORK_VERSION = A;
				INFOPLIST_FILE = "$(SRCROOT)/SwiftGraphLibrary/Supporting Files/Info.plist";
				INSTALL_PATH = "$(LOCAL_LIBRARY_DIR)/Frameworks";
				LD_RUNPATH_SEARCH_PATHS = "$(inherited) @executable_path/../Frameworks @loader_path/Frameworks";
				PRODUCT_BUNDLE_IDENTIFIER = com.circle38.SwiftGraphLibrary;
				PRODUCT_NAME = "$(TARGET_NAME)";
				SKIP_INSTALL = YES;
				SWIFT_OPTIMIZATION_LEVEL = "-Onone";
				VERSIONING_SYSTEM = "apple-generic";
				VERSION_INFO_PREFIX = "";
			};
			name = Debug;
		};
		532BD5C21BAE60E000057249 /* Release */ = {
			isa = XCBuildConfiguration;
			buildSettings = {
				CLANG_ENABLE_MODULES = YES;
				COMBINE_HIDPI_IMAGES = YES;
				CURRENT_PROJECT_VERSION = 1;
				DEFINES_MODULE = YES;
				DYLIB_COMPATIBILITY_VERSION = 1;
				DYLIB_CURRENT_VERSION = 1;
				DYLIB_INSTALL_NAME_BASE = "@rpath";
				FRAMEWORK_VERSION = A;
				INFOPLIST_FILE = "$(SRCROOT)/SwiftGraphLibrary/Supporting Files/Info.plist";
				INSTALL_PATH = "$(LOCAL_LIBRARY_DIR)/Frameworks";
				LD_RUNPATH_SEARCH_PATHS = "$(inherited) @executable_path/../Frameworks @loader_path/Frameworks";
				PRODUCT_BUNDLE_IDENTIFIER = com.circle38.SwiftGraphLibrary;
				PRODUCT_NAME = "$(TARGET_NAME)";
				SKIP_INSTALL = YES;
				VERSIONING_SYSTEM = "apple-generic";
				VERSION_INFO_PREFIX = "";
			};
			name = Release;
		};
		532BE3131BAEDDCC00C07B5B /* Debug */ = {
			isa = XCBuildConfiguration;
			buildSettings = {
				INFOPLIST_FILE = SwiftGraphLibraryTests/Info.plist;
				IPHONEOS_DEPLOYMENT_TARGET = 9.0;
				LD_RUNPATH_SEARCH_PATHS = "$(inherited) @executable_path/Frameworks @loader_path/Frameworks";
				PRODUCT_BUNDLE_IDENTIFIER = com.circle38.SwiftGraphLibraryTests;
				PRODUCT_NAME = "$(TARGET_NAME)";
			};
			name = Debug;
		};
		532BE3141BAEDDCC00C07B5B /* Release */ = {
			isa = XCBuildConfiguration;
			buildSettings = {
				INFOPLIST_FILE = SwiftGraphLibraryTests/Info.plist;
				IPHONEOS_DEPLOYMENT_TARGET = 9.0;
				LD_RUNPATH_SEARCH_PATHS = "$(inherited) @executable_path/Frameworks @loader_path/Frameworks";
				PRODUCT_BUNDLE_IDENTIFIER = com.circle38.SwiftGraphLibraryTests;
				PRODUCT_NAME = "$(TARGET_NAME)";
				VALIDATE_PRODUCT = YES;
			};
			name = Release;
		};
		538E67AB1BAE66350076D26F /* Debug */ = {
			isa = XCBuildConfiguration;
			buildSettings = {
				ASSETCATALOG_COMPILER_APPICON_NAME = AppIcon;
				"CODE_SIGN_IDENTITY[sdk=iphoneos*]" = "iPhone Developer";
				EMBEDDED_CONTENT_CONTAINS_SWIFT = YES;
				INFOPLIST_FILE = "$(SRCROOT)/DemoApp/Supporting Files/Info.plist";
				IPHONEOS_DEPLOYMENT_TARGET = 9.0;
				LD_RUNPATH_SEARCH_PATHS = "$(inherited) @executable_path/Frameworks";
				PRODUCT_BUNDLE_IDENTIFIER = com.circle38.DemoApp;
				PRODUCT_NAME = "$(TARGET_NAME)";
				SDKROOT = iphoneos;
				TARGETED_DEVICE_FAMILY = "1,2";
			};
			name = Debug;
		};
		538E67AC1BAE66350076D26F /* Release */ = {
			isa = XCBuildConfiguration;
			buildSettings = {
				ASSETCATALOG_COMPILER_APPICON_NAME = AppIcon;
				"CODE_SIGN_IDENTITY[sdk=iphoneos*]" = "iPhone Developer";
				EMBEDDED_CONTENT_CONTAINS_SWIFT = YES;
				INFOPLIST_FILE = "$(SRCROOT)/DemoApp/Supporting Files/Info.plist";
				IPHONEOS_DEPLOYMENT_TARGET = 9.0;
				LD_RUNPATH_SEARCH_PATHS = "$(inherited) @executable_path/Frameworks";
				PRODUCT_BUNDLE_IDENTIFIER = com.circle38.DemoApp;
				PRODUCT_NAME = "$(TARGET_NAME)";
				SDKROOT = iphoneos;
				TARGETED_DEVICE_FAMILY = "1,2";
				VALIDATE_PRODUCT = YES;
			};
			name = Release;
		};
		53D260791B9B532000492E7F /* Debug */ = {
			isa = XCBuildConfiguration;
			buildSettings = {
				ALWAYS_SEARCH_USER_PATHS = NO;
				CLANG_CXX_LANGUAGE_STANDARD = "gnu++0x";
				CLANG_CXX_LIBRARY = "libc++";
				CLANG_ENABLE_MODULES = YES;
				CLANG_ENABLE_OBJC_ARC = YES;
				CLANG_WARN_BOOL_CONVERSION = YES;
				CLANG_WARN_CONSTANT_CONVERSION = YES;
				CLANG_WARN_DIRECT_OBJC_ISA_USAGE = YES_ERROR;
				CLANG_WARN_EMPTY_BODY = YES;
				CLANG_WARN_ENUM_CONVERSION = YES;
				CLANG_WARN_INT_CONVERSION = YES;
				CLANG_WARN_OBJC_ROOT_CLASS = YES_ERROR;
				CLANG_WARN_UNREACHABLE_CODE = YES;
				CLANG_WARN__DUPLICATE_METHOD_MATCH = YES;
				COPY_PHASE_STRIP = NO;
				DEBUG_INFORMATION_FORMAT = dwarf;
				ENABLE_STRICT_OBJC_MSGSEND = YES;
				ENABLE_TESTABILITY = YES;
				GCC_C_LANGUAGE_STANDARD = gnu99;
				GCC_DYNAMIC_NO_PIC = NO;
				GCC_NO_COMMON_BLOCKS = YES;
				GCC_OPTIMIZATION_LEVEL = 0;
				GCC_PREPROCESSOR_DEFINITIONS = (
					"DEBUG=1",
					"$(inherited)",
				);
				GCC_WARN_64_TO_32_BIT_CONVERSION = YES;
				GCC_WARN_ABOUT_RETURN_TYPE = YES_ERROR;
				GCC_WARN_UNDECLARED_SELECTOR = YES;
				GCC_WARN_UNINITIALIZED_AUTOS = YES_AGGRESSIVE;
				GCC_WARN_UNUSED_FUNCTION = YES;
				GCC_WARN_UNUSED_VARIABLE = YES;
				MACOSX_DEPLOYMENT_TARGET = 10.10;
				MTL_ENABLE_DEBUG_INFO = YES;
				ONLY_ACTIVE_ARCH = YES;
				SDKROOT = iphoneos;
				SWIFT_OPTIMIZATION_LEVEL = "-Onone";
			};
			name = Debug;
		};
		53D2607A1B9B532000492E7F /* Release */ = {
			isa = XCBuildConfiguration;
			buildSettings = {
				ALWAYS_SEARCH_USER_PATHS = NO;
				CLANG_CXX_LANGUAGE_STANDARD = "gnu++0x";
				CLANG_CXX_LIBRARY = "libc++";
				CLANG_ENABLE_MODULES = YES;
				CLANG_ENABLE_OBJC_ARC = YES;
				CLANG_WARN_BOOL_CONVERSION = YES;
				CLANG_WARN_CONSTANT_CONVERSION = YES;
				CLANG_WARN_DIRECT_OBJC_ISA_USAGE = YES_ERROR;
				CLANG_WARN_EMPTY_BODY = YES;
				CLANG_WARN_ENUM_CONVERSION = YES;
				CLANG_WARN_INT_CONVERSION = YES;
				CLANG_WARN_OBJC_ROOT_CLASS = YES_ERROR;
				CLANG_WARN_UNREACHABLE_CODE = YES;
				CLANG_WARN__DUPLICATE_METHOD_MATCH = YES;
				COPY_PHASE_STRIP = NO;
				DEBUG_INFORMATION_FORMAT = "dwarf-with-dsym";
				ENABLE_NS_ASSERTIONS = NO;
				ENABLE_STRICT_OBJC_MSGSEND = YES;
				GCC_C_LANGUAGE_STANDARD = gnu99;
				GCC_NO_COMMON_BLOCKS = YES;
				GCC_WARN_64_TO_32_BIT_CONVERSION = YES;
				GCC_WARN_ABOUT_RETURN_TYPE = YES_ERROR;
				GCC_WARN_UNDECLARED_SELECTOR = YES;
				GCC_WARN_UNINITIALIZED_AUTOS = YES_AGGRESSIVE;
				GCC_WARN_UNUSED_FUNCTION = YES;
				GCC_WARN_UNUSED_VARIABLE = YES;
				MACOSX_DEPLOYMENT_TARGET = 10.10;
				MTL_ENABLE_DEBUG_INFO = NO;
				SDKROOT = iphoneos;
			};
			name = Release;
		};
/* End XCBuildConfiguration section */

/* Begin XCConfigurationList section */
		532BD5C51BAE60E000057249 /* Build configuration list for PBXNativeTarget "SwiftGraphLibrary" */ = {
			isa = XCConfigurationList;
			buildConfigurations = (
				532BD5C11BAE60E000057249 /* Debug */,
				532BD5C21BAE60E000057249 /* Release */,
			);
			defaultConfigurationIsVisible = 0;
			defaultConfigurationName = Release;
		};
		532BE3121BAEDDCC00C07B5B /* Build configuration list for PBXNativeTarget "SwiftGraphLibraryTests" */ = {
			isa = XCConfigurationList;
			buildConfigurations = (
				532BE3131BAEDDCC00C07B5B /* Debug */,
				532BE3141BAEDDCC00C07B5B /* Release */,
			);
			defaultConfigurationIsVisible = 0;
			defaultConfigurationName = Release;
		};
		538E67AA1BAE66350076D26F /* Build configuration list for PBXNativeTarget "DemoApp" */ = {
			isa = XCConfigurationList;
			buildConfigurations = (
				538E67AB1BAE66350076D26F /* Debug */,
				538E67AC1BAE66350076D26F /* Release */,
			);
			defaultConfigurationIsVisible = 0;
			defaultConfigurationName = Release;
		};
		53D2606F1B9B532000492E7F /* Build configuration list for PBXProject "concepts" */ = {
			isa = XCConfigurationList;
			buildConfigurations = (
				53D260791B9B532000492E7F /* Debug */,
				53D2607A1B9B532000492E7F /* Release */,
			);
			defaultConfigurationIsVisible = 0;
			defaultConfigurationName = Release;
		};
/* End XCConfigurationList section */
	};
	rootObject = 53D2606C1B9B532000492E7F /* Project object */;
}
