// !$*UTF8*$!
{
	archiveVersion = 1;
	classes = {
	};
	objectVersion = 46;
	objects = {

/* Begin PBXBuildFile section */
		5367C9891BA4B3CC00C46E92 /* concepts.swift in Sources */ = {isa = PBXBuildFile; fileRef = 5367C9881BA4B3CC00C46E92 /* concepts.swift */; settings = {ASSET_TAGS = (); }; };
		5367C98B1BA4B91100C46E92 /* algorithms.swift in Sources */ = {isa = PBXBuildFile; fileRef = 5367C98A1BA4B91100C46E92 /* algorithms.swift */; settings = {ASSET_TAGS = (); }; };
		53D260781B9B532000492E7F /* main.swift in Sources */ = {isa = PBXBuildFile; fileRef = 53D260771B9B532000492E7F /* main.swift */; };
		53D2607F1B9B897400492E7F /* other.swift in Sources */ = {isa = PBXBuildFile; fileRef = 53D2607E1B9B897400492E7F /* other.swift */; settings = {ASSET_TAGS = (); }; };
/* End PBXBuildFile section */

/* Begin PBXCopyFilesBuildPhase section */
		53D260721B9B532000492E7F /* CopyFiles */ = {
			isa = PBXCopyFilesBuildPhase;
			buildActionMask = 2147483647;
			dstPath = /usr/share/man/man1/;
			dstSubfolderSpec = 0;
			files = (
			);
			runOnlyForDeploymentPostprocessing = 1;
		};
/* End PBXCopyFilesBuildPhase section */

/* Begin PBXFileReference section */
		5367C9881BA4B3CC00C46E92 /* concepts.swift */ = {isa = PBXFileReference; fileEncoding = 4; lastKnownFileType = sourcecode.swift; path = concepts.swift; sourceTree = "<group>"; };
		5367C98A1BA4B91100C46E92 /* algorithms.swift */ = {isa = PBXFileReference; fileEncoding = 4; lastKnownFileType = sourcecode.swift; path = algorithms.swift; sourceTree = "<group>"; };
		53D260741B9B532000492E7F /* concepts */ = {isa = PBXFileReference; explicitFileType = "compiled.mach-o.executable"; includeInIndex = 0; path = concepts; sourceTree = BUILT_PRODUCTS_DIR; };
		53D260771B9B532000492E7F /* main.swift */ = {isa = PBXFileReference; lastKnownFileType = sourcecode.swift; path = main.swift; sourceTree = "<group>"; };
		53D2607E1B9B897400492E7F /* other.swift */ = {isa = PBXFileReference; fileEncoding = 4; lastKnownFileType = sourcecode.swift; path = other.swift; sourceTree = "<group>"; };
/* End PBXFileReference section */

/* Begin PBXFrameworksBuildPhase section */
		53D260711B9B532000492E7F /* Frameworks */ = {
			isa = PBXFrameworksBuildPhase;
			buildActionMask = 2147483647;
			files = (
			);
			runOnlyForDeploymentPostprocessing = 0;
		};
/* End PBXFrameworksBuildPhase section */

/* Begin PBXGroup section */
		53D2606B1B9B532000492E7F = {
			isa = PBXGroup;
			children = (
				53D260761B9B532000492E7F /* concepts */,
				53D260751B9B532000492E7F /* Products */,
			);
			sourceTree = "<group>";
		};
		53D260751B9B532000492E7F /* Products */ = {
			isa = PBXGroup;
			children = (
				53D260741B9B532000492E7F /* concepts */,
			);
			name = Products;
			sourceTree = "<group>";
		};
		53D260761B9B532000492E7F /* concepts */ = {
			isa = PBXGroup;
			children = (
				53D260771B9B532000492E7F /* main.swift */,
				5367C9881BA4B3CC00C46E92 /* concepts.swift */,
				5367C98A1BA4B91100C46E92 /* algorithms.swift */,
				53D2607E1B9B897400492E7F /* other.swift */,
			);
			path = concepts;
			sourceTree = "<group>";
		};
/* End PBXGroup section */

/* Begin PBXNativeTarget section */
		53D260731B9B532000492E7F /* concepts */ = {
			isa = PBXNativeTarget;
			buildConfigurationList = 53D2607B1B9B532000492E7F /* Build configuration list for PBXNativeTarget "concepts" */;
			buildPhases = (
				53D260701B9B532000492E7F /* Sources */,
				53D260711B9B532000492E7F /* Frameworks */,
				53D260721B9B532000492E7F /* CopyFiles */,
			);
			buildRules = (
			);
			dependencies = (
			);
			name = concepts;
			productName = concepts;
			productReference = 53D260741B9B532000492E7F /* concepts */;
			productType = "com.apple.product-type.tool";
		};
/* End PBXNativeTarget section */

/* Begin PBXProject section */
		53D2606C1B9B532000492E7F /* Project object */ = {
			isa = PBXProject;
			attributes = {
				LastUpgradeCheck = 0700;
				ORGANIZATIONNAME = Microsoft;
				TargetAttributes = {
					53D260731B9B532000492E7F = {
						CreatedOnToolsVersion = 7.0;
					};
				};
			};
			buildConfigurationList = 53D2606F1B9B532000492E7F /* Build configuration list for PBXProject "concepts" */;
			compatibilityVersion = "Xcode 3.2";
			developmentRegion = English;
			hasScannedForEncodings = 0;
			knownRegions = (
				en,
			);
			mainGroup = 53D2606B1B9B532000492E7F;
			productRefGroup = 53D260751B9B532000492E7F /* Products */;
			projectDirPath = "";
			projectRoot = "";
			targets = (
				53D260731B9B532000492E7F /* concepts */,
			);
		};
/* End PBXProject section */

/* Begin PBXSourcesBuildPhase section */
		53D260701B9B532000492E7F /* Sources */ = {
			isa = PBXSourcesBuildPhase;
			buildActionMask = 2147483647;
			files = (
				53D260781B9B532000492E7F /* main.swift in Sources */,
				5367C98B1BA4B91100C46E92 /* algorithms.swift in Sources */,
				5367C9891BA4B3CC00C46E92 /* concepts.swift in Sources */,
				53D2607F1B9B897400492E7F /* other.swift in Sources */,
			);
			runOnlyForDeploymentPostprocessing = 0;
		};
/* End PBXSourcesBuildPhase section */

/* Begin XCBuildConfiguration section */
		53D260791B9B532000492E7F /* Debug */ = {
			isa = XCBuildConfiguration;
			buildSettings = {
				ALWAYS_SEARCH_USER_PATHS = NO;
				CLANG_CXX_LANGUAGE_STANDARD = "gnu++0x";
				CLANG_CXX_LIBRARY = "libc++";
				CLANG_ENABLE_MODULES = YES;
				CLANG_ENABLE_OBJC_ARC = YES;
				CLANG_WARN_BOOL_CONVERSION = YES;
				CLANG_WARN_CONSTANT_CONVERSION = YES;
				CLANG_WARN_DIRECT_OBJC_ISA_USAGE = YES_ERROR;
				CLANG_WARN_EMPTY_BODY = YES;
				CLANG_WARN_ENUM_CONVERSION = YES;
				CLANG_WARN_INT_CONVERSION = YES;
				CLANG_WARN_OBJC_ROOT_CLASS = YES_ERROR;
				CLANG_WARN_UNREACHABLE_CODE = YES;
				CLANG_WARN__DUPLICATE_METHOD_MATCH = YES;
				COPY_PHASE_STRIP = NO;
				DEBUG_INFORMATION_FORMAT = dwarf;
				ENABLE_STRICT_OBJC_MSGSEND = YES;
				ENABLE_TESTABILITY = YES;
				GCC_C_LANGUAGE_STANDARD = gnu99;
				GCC_DYNAMIC_NO_PIC = NO;
				GCC_NO_COMMON_BLOCKS = YES;
				GCC_OPTIMIZATION_LEVEL = 0;
				GCC_PREPROCESSOR_DEFINITIONS = (
					"DEBUG=1",
					"$(inherited)",
				);
				GCC_WARN_64_TO_32_BIT_CONVERSION = YES;
				GCC_WARN_ABOUT_RETURN_TYPE = YES_ERROR;
				GCC_WARN_UNDECLARED_SELECTOR = YES;
				GCC_WARN_UNINITIALIZED_AUTOS = YES_AGGRESSIVE;
				GCC_WARN_UNUSED_FUNCTION = YES;
				GCC_WARN_UNUSED_VARIABLE = YES;
				MACOSX_DEPLOYMENT_TARGET = 10.10;
				MTL_ENABLE_DEBUG_INFO = YES;
				ONLY_ACTIVE_ARCH = YES;
				SDKROOT = macosx;
				SWIFT_OPTIMIZATION_LEVEL = "-Onone";
			};
			name = Debug;
		};
		53D2607A1B9B532000492E7F /* Release */ = {
			isa = XCBuildConfiguration;
			buildSettings = {
				ALWAYS_SEARCH_USER_PATHS = NO;
				CLANG_CXX_LANGUAGE_STANDARD = "gnu++0x";
				CLANG_CXX_LIBRARY = "libc++";
				CLANG_ENABLE_MODULES = YES;
				CLANG_ENABLE_OBJC_ARC = YES;
				CLANG_WARN_BOOL_CONVERSION = YES;
				CLANG_WARN_CONSTANT_CONVERSION = YES;
				CLANG_WARN_DIRECT_OBJC_ISA_USAGE = YES_ERROR;
				CLANG_WARN_EMPTY_BODY = YES;
				CLANG_WARN_ENUM_CONVERSION = YES;
				CLANG_WARN_INT_CONVERSION = YES;
				CLANG_WARN_OBJC_ROOT_CLASS = YES_ERROR;
				CLANG_WARN_UNREACHABLE_CODE = YES;
				CLANG_WARN__DUPLICATE_METHOD_MATCH = YES;
				COPY_PHASE_STRIP = NO;
				DEBUG_INFORMATION_FORMAT = "dwarf-with-dsym";
				ENABLE_NS_ASSERTIONS = NO;
				ENABLE_STRICT_OBJC_MSGSEND = YES;
				GCC_C_LANGUAGE_STANDARD = gnu99;
				GCC_NO_COMMON_BLOCKS = YES;
				GCC_WARN_64_TO_32_BIT_CONVERSION = YES;
				GCC_WARN_ABOUT_RETURN_TYPE = YES_ERROR;
				GCC_WARN_UNDECLARED_SELECTOR = YES;
				GCC_WARN_UNINITIALIZED_AUTOS = YES_AGGRESSIVE;
				GCC_WARN_UNUSED_FUNCTION = YES;
				GCC_WARN_UNUSED_VARIABLE = YES;
				MACOSX_DEPLOYMENT_TARGET = 10.10;
				MTL_ENABLE_DEBUG_INFO = NO;
				SDKROOT = macosx;
			};
			name = Release;
		};
		53D2607C1B9B532000492E7F /* Debug */ = {
			isa = XCBuildConfiguration;
			buildSettings = {
				PRODUCT_NAME = "$(TARGET_NAME)";
			};
			name = Debug;
		};
		53D2607D1B9B532000492E7F /* Release */ = {
			isa = XCBuildConfiguration;
			buildSettings = {
				PRODUCT_NAME = "$(TARGET_NAME)";
			};
			name = Release;
		};
/* End XCBuildConfiguration section */

/* Begin XCConfigurationList section */
		53D2606F1B9B532000492E7F /* Build configuration list for PBXProject "concepts" */ = {
			isa = XCConfigurationList;
			buildConfigurations = (
				53D260791B9B532000492E7F /* Debug */,
				53D2607A1B9B532000492E7F /* Release */,
			);
			defaultConfigurationIsVisible = 0;
			defaultConfigurationName = Release;
		};
		53D2607B1B9B532000492E7F /* Build configuration list for PBXNativeTarget "concepts" */ = {
			isa = XCConfigurationList;
			buildConfigurations = (
				53D2607C1B9B532000492E7F /* Debug */,
				53D2607D1B9B532000492E7F /* Release */,
			);
			defaultConfigurationIsVisible = 0;
			defaultConfigurationName = Release;
		};
/* End XCConfigurationList section */
	};
	rootObject = 53D2606C1B9B532000492E7F /* Project object */;
}
